
Microsoft Visual Studio Solution File, Format Version 12.00
# Visual Studio Version 16
VisualStudioVersion = 16.0.810.14
MinimumVisualStudioVersion = 10.0.40219.1
Project("{FAE04EC0-301F-11D3-BF4B-00C04F79EFBC}") = "DirectoriesAndFiles", "DirectoriesAndFiles\DirectoriesAndFiles.csproj", "{41216FC5-6CE8-40B7-A1AF-4C5A1AACD491}"
EndProject
Project("{FAE04EC0-301F-11D3-BF4B-00C04F79EFBC}") = "WishList", "WishList\WishList.csproj", "{C45EAA6B-DF6C-4EBB-87F1-EAEF21976D30}"
EndProject
Project("{FAE04EC0-301F-11D3-BF4B-00C04F79EFBC}") = "MyWishListFile", "MyWishListFile\MyWishListFile.csproj", "{D0CAAD57-A664-4521-8E50-962DD94DD144}"
EndProject
Project("{FAE04EC0-301F-11D3-BF4B-00C04F79EFBC}") = "ShoppingList", "ShoppingList\ShoppingList.csproj", "{EECED52F-8921-48A8-B5C9-0F72B2042655}"
EndProject
Project("{FAE04EC0-301F-11D3-BF4B-00C04F79EFBC}") = "MyShoppingList", "MyShoppingList\MyShoppingList.csproj", "{C64D0BE7-DDA5-4930-9752-F03830DD7220}"
EndProject
Global
	GlobalSection(SolutionConfigurationPlatforms) = preSolution
		Debug|Any CPU = Debug|Any CPU
		Release|Any CPU = Release|Any CPU
	EndGlobalSection
	GlobalSection(ProjectConfigurationPlatforms) = postSolution
		{41216FC5-6CE8-40B7-A1AF-4C5A1AACD491}.Debug|Any CPU.ActiveCfg = Debug|Any CPU
		{41216FC5-6CE8-40B7-A1AF-4C5A1AACD491}.Debug|Any CPU.Build.0 = Debug|Any CPU
		{41216FC5-6CE8-40B7-A1AF-4C5A1AACD491}.Release|Any CPU.ActiveCfg = Release|Any CPU
		{41216FC5-6CE8-40B7-A1AF-4C5A1AACD491}.Release|Any CPU.Build.0 = Release|Any CPU
		{C45EAA6B-DF6C-4EBB-87F1-EAEF21976D30}.Debug|Any CPU.ActiveCfg = Debug|Any CPU
		{C45EAA6B-DF6C-4EBB-87F1-EAEF21976D30}.Debug|Any CPU.Build.0 = Debug|Any CPU
		{C45EAA6B-DF6C-4EBB-87F1-EAEF21976D30}.Release|Any CPU.ActiveCfg = Release|Any CPU
		{C45EAA6B-DF6C-4EBB-87F1-EAEF21976D30}.Release|Any CPU.Build.0 = Release|Any CPU
		{D0CAAD57-A664-4521-8E50-962DD94DD144}.Debug|Any CPU.ActiveCfg = Debug|Any CPU
		{D0CAAD57-A664-4521-8E50-962DD94DD144}.Debug|Any CPU.Build.0 = Debug|Any CPU
		{D0CAAD57-A664-4521-8E50-962DD94DD144}.Release|Any CPU.ActiveCfg = Release|Any CPU
		{D0CAAD57-A664-4521-8E50-962DD94DD144}.Release|Any CPU.Build.0 = Release|Any CPU
		{EECED52F-8921-48A8-B5C9-0F72B2042655}.Debug|Any CPU.ActiveCfg = Debug|Any CPU
		{EECED52F-8921-48A8-B5C9-0F72B2042655}.Debug|Any CPU.Build.0 = Debug|Any CPU
		{EECED52F-8921-48A8-B5C9-0F72B2042655}.Release|Any CPU.ActiveCfg = Release|Any CPU
		{EECED52F-8921-48A8-B5C9-0F72B2042655}.Release|Any CPU.Build.0 = Release|Any CPU
		{C64D0BE7-DDA5-4930-9752-F03830DD7220}.Debug|Any CPU.ActiveCfg = Debug|Any CPU
		{C64D0BE7-DDA5-4930-9752-F03830DD7220}.Debug|Any CPU.Build.0 = Debug|Any CPU
		{C64D0BE7-DDA5-4930-9752-F03830DD7220}.Release|Any CPU.ActiveCfg = Release|Any CPU
		{C64D0BE7-DDA5-4930-9752-F03830DD7220}.Release|Any CPU.Build.0 = Release|Any CPU
	EndGlobalSection
	GlobalSection(SolutionProperties) = preSolution
		HideSolutionNode = FALSE
	EndGlobalSection
	GlobalSection(ExtensibilityGlobals) = postSolution
		SolutionGuid = {C8C3EC13-3D1B-4DDC-ABD9-5DEBD8C34803}
	EndGlobalSection
EndGlobal
